
Microsoft Visual Studio Solution File, Format Version 12.00
# Visual Studio Version 16
VisualStudioVersion = 16.0.29920.165
MinimumVisualStudioVersion = 10.0.40219.1
Project("{FAE04EC0-301F-11D3-BF4B-00C04F79EFBC}") = "anci.VideoEncoder", "anci.VideoEncoder\anci.VideoEncoder.csproj", "{441196C5-B3AE-47C7-9DDF-2BDFFD9CC171}"
EndProject
Global
	GlobalSection(SolutionConfigurationPlatforms) = preSolution
		Debug|Any CPU = Debug|Any CPU
		Release|Any CPU = Release|Any CPU
	EndGlobalSection
	GlobalSection(ProjectConfigurationPlatforms) = postSolution
		{441196C5-B3AE-47C7-9DDF-2BDFFD9CC171}.Debug|Any CPU.ActiveCfg = Debug|Any CPU
		{441196C5-B3AE-47C7-9DDF-2BDFFD9CC171}.Debug|Any CPU.Build.0 = Debug|Any CPU
		{441196C5-B3AE-47C7-9DDF-2BDFFD9CC171}.Release|Any CPU.ActiveCfg = Release|Any CPU
		{441196C5-B3AE-47C7-9DDF-2BDFFD9CC171}.Release|Any CPU.Build.0 = Release|Any CPU
	EndGlobalSection
	GlobalSection(SolutionProperties) = preSolution
		HideSolutionNode = FALSE
	EndGlobalSection
	GlobalSection(ExtensibilityGlobals) = postSolution
		SolutionGuid = {20AB459B-263F-43ED-987C-849D54D3AAB7}
	EndGlobalSection
EndGlobal
